{
    "_meta": {
        "hash": {
            "sha256": "edd7e1a5798b82a3ff277b61d0b6a5612f771de31b09acac2acdea3e2896e9f3"
        },
        "pipfile-spec": 6,
        "requires": {
            "python_version": "3.9"
        },
        "sources": [
            {
                "name": "pypi",
                "url": "https://pypi.org/simple",
                "verify_ssl": true
            }
        ]
    },
    "default": {
        "awesome-slugify": {
            "hashes": [
                "sha256:bbdec3fa2187917473a2efad092b57f7125a55f841a7cf6a1773178d32ccfd71"
            ],
            "index": "pypi",
            "version": "==1.6.5"
        },
        "mysql-connector-python": {
            "hashes": [
                "sha256:047420715bbb51d3cba78de446c8a6db4666459cd23e168568009c620a3f5b90",
                "sha256:1bef2a4a2b529c6e9c46414100ab7032c252244e8a9e017d2b6a41bb9cea9312",
                "sha256:245087999f081b389d66621f2abfe2463e3927f63c7c4c0f70ce0f82786ccb93",
                "sha256:29ec05ded856b4da4e47239f38489c03b31673ae0f46a090d0e4e29c670e6181",
                "sha256:4de5959e27038cbd11dfccb1afaa2fd258c013e59d3e15709dd1992086103050",
                "sha256:5eef51e48b22aadd633563bbdaf02112d98d954a4ead53f72fde283ea3f88152",
                "sha256:6e2267ad75b37b5e1c480cde77cdc4f795427a54266ead30aabcdbf75ac70064",
                "sha256:7be3aeff73b85eab3af2a1e80c053a98cbcb99e142192e551ebd4c1e41ce2596",
                "sha256:895135cde57622edf48e1fce3beb4ed85f18332430d48f5c1d9630d49f7712b0",
                "sha256:89597c091c4f25b6e023cbbcd32be73affbb0b44256761fe3b8e1d4b14d14d02",
                "sha256:a7fd6a71df824f5a7d9a94060598d67b3a32eeccdc9837ee2cd98a44e2536cae",
                "sha256:ab0e9d9b5fc114b78dfa9c74e8bfa30b48fcfa17dbb9241ad6faada08a589900",
                "sha256:b7dccd7f72f19c97b58428ebf8e709e24eb7e9b67a408af7e77b60efde44bea4",
                "sha256:bed43ea3a11f8d4e7c2e3f20c891214e68b45451314f91fddf9ca701de7a53ac",
                "sha256:d5afb766b379111942d4260f29499f93355823c7241926471d843c9281fe477c",
                "sha256:f353893481476a537cca7afd4e81e0ed84dd2173932b7f1721ab3e3351cbf324",
                "sha256:fd608c288f596c4c8767d9a8e90f129385bd19ee6e3adaf6974ad8012c6138b8",
                "sha256:fdd262d8538aa504475f8860cfda939a297d3b213c8d15f7ceed52508aeb2aa3"
            ],
            "index": "pypi",
            "version": "==8.0.29"
        },
        "protobuf": {
            "hashes": [
                "sha256:06059eb6953ff01e56a25cd02cca1a9649a75a7e65397b5b9b4e929ed71d10cf",
                "sha256:097c5d8a9808302fb0da7e20edf0b8d4703274d140fd25c5edabddcde43e081f",
                "sha256:284f86a6207c897542d7e956eb243a36bb8f9564c1742b253462386e96c6b78f",
                "sha256:32ca378605b41fd180dfe4e14d3226386d8d1b002ab31c969c366549e66a2bb7",
                "sha256:3cc797c9d15d7689ed507b165cd05913acb992d78b379f6014e013f9ecb20996",
                "sha256:62f1b5c4cd6c5402b4e2d63804ba49a327e0c386c99b1675c8a0fefda23b2067",
                "sha256:69ccfdf3657ba59569c64295b7d51325f91af586f8d5793b734260dfe2e94e2c",
                "sha256:6f50601512a3d23625d8a85b1638d914a0970f17920ff39cec63aaef80a93fb7",
                "sha256:7403941f6d0992d40161aa8bb23e12575637008a5a02283a930addc0508982f9",
                "sha256:755f3aee41354ae395e104d62119cb223339a8f3276a0cd009ffabfcdd46bb0c",
                "sha256:77053d28427a29987ca9caf7b72ccafee011257561259faba8dd308fda9a8739",
                "sha256:7e371f10abe57cee5021797126c93479f59fccc9693dafd6bd5633ab67808a91",
                "sha256:9016d01c91e8e625141d24ec1b20fed584703e527d28512aa8c8707f105a683c",
                "sha256:9be73ad47579abc26c12024239d3540e6b765182a91dbc88e23658ab71767153",
                "sha256:adc31566d027f45efe3f44eeb5b1f329da43891634d61c75a5944e9be6dd42c9",
                "sha256:adfc6cf69c7f8c50fd24c793964eef18f0ac321315439d94945820612849c388",
                "sha256:af0ebadc74e281a517141daad9d0f2c5d93ab78e9d455113719a45a49da9db4e",
                "sha256:cb29edb9eab15742d791e1025dd7b6a8f6fcb53802ad2f6e3adcb102051063ab",
                "sha256:cd68be2559e2a3b84f517fb029ee611546f7812b1fdd0aa2ecc9bc6ec0e4fdde",
                "sha256:cdee09140e1cd184ba9324ec1df410e7147242b94b5f8b0c64fc89e38a8ba531",
                "sha256:db977c4ca738dd9ce508557d4fce0f5aebd105e158c725beec86feb1f6bc20d8",
                "sha256:dd5789b2948ca702c17027c84c2accb552fc30f4622a98ab5c51fcfe8c50d3e7",
                "sha256:e250a42f15bf9d5b09fe1b293bdba2801cd520a9f5ea2d7fb7536d4441811d20",
                "sha256:ff8d8fa42675249bb456f5db06c00de6c2f4c27a065955917b28c4f15978b9c3"
            ],
            "markers": "python_version >= '3.7'",
            "version": "==3.20.1"
        },
        "python-slugify": {
            "hashes": [
                "sha256:00003397f4e31414e922ce567b3a4da28cf1436a53d332c9aeeb51c7d8c469fd",
                "sha256:8c0016b2d74503eb64761821612d58fcfc729493634b1eb0575d8f5b4aa1fbcf"
            ],
            "index": "pypi",
            "version": "==6.1.1"
        },
        "pytz": {
            "hashes": [
                "sha256:1e760e2fe6a8163bc0b3d9a19c4f84342afa0a2affebfaa84b01b978a02ecaa7",
                "sha256:e68985985296d9a66a881eb3193b0906246245294a881e7c8afe623866ac6a5c"
            ],
            "index": "pypi",
            "version": "==2022.1"
        },
        "regex": {
            "hashes": [
                "sha256:02543d6d5c32d361b7cc468079ba4cddaaf4a6544f655901ba1ff9d8e3f18755",
                "sha256:036d1c1fbe69eba3ee253c107e71749cdbb4776db93d674bc0d5e28f30300734",
                "sha256:071bcb625e890f28b7c4573124a6512ea65107152b1d3ca101ce33a52dad4593",
                "sha256:0f8da3145f4b72f7ce6181c804eaa44cdcea313c8998cdade3d9e20a8717a9cb",
                "sha256:0fb6cb16518ac7eff29d1e0b0cce90275dfae0f17154165491058c31d58bdd1d",
                "sha256:0fd464e547dbabf4652ca5fe9d88d75ec30182981e737c07b3410235a44b9939",
                "sha256:12af15b6edb00e425f713160cfd361126e624ec0de86e74f7cad4b97b7f169b3",
                "sha256:165cc75cfa5aa0f12adb2ac6286330e7229a06dc0e6c004ec35da682b5b89579",
                "sha256:1a07e8366115069f26822c47732122ab61598830a69f5629a37ea8881487c107",
                "sha256:1c2de7f32fa87d04d40f54bce3843af430697aba51c3a114aa62837a0772f219",
                "sha256:253f858a0255cd91a0424a4b15c2eedb12f20274f85731b0d861c8137e843065",
                "sha256:275afc7352982ee947fc88f67a034b52c78395977b5fc7c9be15f7dc95b76f06",
                "sha256:2bde99f2cdfd6db1ec7e02d68cadd384ffe7413831373ea7cc68c5415a0cb577",
                "sha256:3241db067a7f69da57fba8bca543ac8a7ca415d91e77315690202749b9fdaba1",
                "sha256:37903d5ca11fa47577e8952d2e2c6de28553b11c70defee827afb941ab2c6729",
                "sha256:3dfbadb7b74d95f72f9f9dbf9778f7de92722ab520a109ceaf7927461fa85b10",
                "sha256:3e35c50b27f36176c792738cb9b858523053bc495044d2c2b44db24376b266f1",
                "sha256:3e9e983fc8e0d4d5ded7caa5aed39ca2cf6026d7e39801ef6f0af0b1b6cd9276",
                "sha256:3f6bd8178cce5bb56336722d5569d19c50bba5915a69a2050c497fb921e7cb0f",
                "sha256:43ee0df35925ae4b0cc6ee3f60b73369e559dd2ac40945044da9394dd9d3a51d",
                "sha256:45b761406777a681db0c24686178532134c937d24448d9e085279b69e9eb7da4",
                "sha256:46cbc5b23f85e94161b093dba1b49035697cf44c7db3c930adabfc0e6d861b95",
                "sha256:4f2e2cef324ca9355049ee1e712f68e2e92716eba24275e6767b9bfa15f1f478",
                "sha256:50b77622016f03989cd06ecf6b602c7a6b4ed2e3ce04133876b041d109c934ee",
                "sha256:582ea06079a03750b5f71e20a87cd99e646d796638b5894ff85987ebf5e04924",
                "sha256:58521abdab76583bd41ef47e5e2ddd93b32501aee4ee8cee71dee10a45ba46b1",
                "sha256:5b9c7b6895a01204296e9523b3e12b43e013835a9de035a783907c2c1bc447f0",
                "sha256:6165e737acb3bea3271372e8aa5ebe7226c8a8e8da1b94af2d6547c5a09d689d",
                "sha256:66fb765b2173d90389384708e3e1d3e4be1148bd8d4d50476b1469da5a2f0229",
                "sha256:68aed3fb0c61296bd6d234f558f78c51671f79ccb069cbcd428c2eea6fee7a5b",
                "sha256:6a0ef57cccd8089b4249eebad95065390e56c04d4a92c51316eab4131bca96a9",
                "sha256:709396c0c95b95045fac89b94f997410ff39b81a09863fe21002f390d48cc7d3",
                "sha256:73ed1b06abadbf6b61f6033a07c06f36ec0ddca117e41ef2ac37056705e46458",
                "sha256:7a608022f4593fc67518c6c599ae5abdb03bb8acd75993c82cd7a4c8100eff81",
                "sha256:7c4d9770e579eb11b582b2e2fd19fa204a15cb1589ae73cd4dcbb63b64f3e828",
                "sha256:7dbc96419ef0fb6ac56626014e6d3a345aeb8b17a3df8830235a88626ffc8d84",
                "sha256:7f271d0831d8ebc56e17b37f9fa1824b0379221d1238ae77c18a6e8c47f1fdce",
                "sha256:82b7fc67e49fdce671bdbec1127189fc979badf062ce6e79dc95ef5e07a8bf92",
                "sha256:85b7ee4d0c7a46296d884f6b489af8b960c4291d76aea4b22fd4fbe05e6ec08e",
                "sha256:8b747cef8e5dcdaf394192d43a0c02f5825aeb0ecd3d43e63ae500332ab830b0",
                "sha256:8bf867ba71856414a482e4b683500f946c300c4896e472e51d3db8dfa8dc8f32",
                "sha256:8e0da7ef160d4f3eb3d4d3e39a02c3c42f7dbcfce62c81f784cc99fc7059765f",
                "sha256:8e7d33f93cdd01868327d834d0f5bb029241cd293b47d51b96814dec27fc9b4b",
                "sha256:92183e9180c392371079262879c6532ccf55f808e6900df5d9f03c9ca8807255",
                "sha256:92ad03f928675ca05b79d3b1d3dfc149e2226d57ed9d57808f82105d511d0212",
                "sha256:97af238389cb029d63d5f2d931a7e8f5954ad96e812de5faaed373b68e74df86",
                "sha256:9913bcf730eb6e9b441fb176832eea9acbebab6035542c7c89d90c803f5cd3be",
                "sha256:9dae5affbb66178dad6c6fd5b02221ca9917e016c75ee3945e9a9563eb1fbb6f",
                "sha256:a850f5f369f1e3b6239da7fb43d1d029c1e178263df671819889c47caf7e4ff3",
                "sha256:aa6daa189db9104787ff1fd7a7623ce017077aa59eaac609d0d25ba95ed251a0",
                "sha256:aabc28f7599f781ddaeac168d0b566d0db82182cc3dcf62129f0a4fc2927b811",
                "sha256:af1e687ffab18a75409e5e5d6215b6ccd41a5a1a0ea6ce9665e01253f737a0d3",
                "sha256:b1d53835922cd0f9b74b2742453a444865a70abae38d12eb41c59271da66f38d",
                "sha256:b2df3ede85d778c949d9bd2a50237072cee3df0a423c91f5514f78f8035bde87",
                "sha256:b415b82e5be7389ec5ee7ee35431e4a549ea327caacf73b697c6b3538cb5c87f",
                "sha256:b7ba3c304a4a5d8112dbd30df8b3e4ef59b4b07807957d3c410d9713abaee9a8",
                "sha256:bcc6f7a3a95119c3568c572ca167ada75f8319890706283b9ba59b3489c9bcb3",
                "sha256:be392d9cd5309509175a9d7660dc17bf57084501108dbff0c5a8bfc3646048c3",
                "sha256:bea61de0c688198e3d9479344228c7accaa22a78b58ec408e41750ebafee6c08",
                "sha256:bedb3d01ad35ea1745bdb1d57f3ee0f996f988c98f5bbae9d068c3bb3065d210",
                "sha256:c36906a7855ec33a9083608e6cd595e4729dab18aeb9aad0dd0b039240266239",
                "sha256:c4fdf837666f7793a5c3cfa2f2f39f03eb6c7e92e831bc64486c2f547580c2b3",
                "sha256:cfad3a770839aa456ff9a9aa0e253d98b628d005a3ccb37da1ff9be7c84fee16",
                "sha256:d128e278e5e554c5c022c7bed410ca851e00bacebbb4460de546a73bc53f8de4",
                "sha256:dffd9114ade73137ab2b79a8faf864683dbd2dbbb6b23a305fbbd4cbaeeb2187",
                "sha256:e2acf5c66fbb62b5fe4c40978ddebafa50818f00bf79d60569d9762f6356336e",
                "sha256:e65580ae3137bce712f505ec7c2d700aef0014a3878c4767b74aff5895fc454f",
                "sha256:e944268445b5694f5d41292c9228f0ca46d5a32a67f195d5f8547c1f1d91f4bc",
                "sha256:ed26c3d2d62c6588e0dad175b8d8cc0942a638f32d07b80f92043e5d73b7db67",
                "sha256:ed625205f5f26984382b68e4cbcbc08e6603c9e84c14b38457170b0cc71c823b",
                "sha256:f2a5d9f612091812dee18375a45d046526452142e7b78c4e21ab192db15453d5",
                "sha256:f86aef546add4ff1202e1f31e9bb54f9268f17d996b2428877283146bf9bc013",
                "sha256:f89d26e50a4c7453cb8c415acd09e72fbade2610606a9c500a1e48c43210a42d",
                "sha256:fb7107faf0168de087f62a2f2ed00f9e9da12e0b801582b516ddac236b871cda"
            ],
            "markers": "python_version >= '3.6'",
            "version": "==2022.4.24"
        },
        "text-unidecode": {
            "hashes": [
                "sha256:1311f10e8b895935241623731c2ba64f4c455287888b18189350b67134a822e8",
                "sha256:bad6603bb14d279193107714b288be206cac565dfa49aa5b105294dd5c4aab93"
            ],
            "version": "==1.3"
        },
        "unidecode": {
            "hashes": [
                "sha256:280a6ab88e1f2eb5af79edff450021a0d3f0448952847cd79677e55e58bad051",
                "sha256:61f807220eda0203a774a09f84b4304a3f93b5944110cc132af29ddb81366883"
            ],
            "version": "==0.4.21"
        }
    },
    "develop": {
        "appdirs": {
            "hashes": [
                "sha256:7d5d0167b2b1ba821647616af46a749d1c653740dd0d2415100fe26e27afdf41",
                "sha256:a841dacd6b99318a741b166adb07e19ee71a274450e68237b4650ca1055ab128"
            ],
            "version": "==1.4.4"
        },
        "attrs": {
            "hashes": [
                "sha256:2d27e3784d7a565d36ab851fe94887c5eccd6a463168875832a1be79c82828b4",
                "sha256:626ba8234211db98e869df76230a137c4c40a12d72445c45d5f5b716f076e2fd"
            ],
            "markers": "python_version >= '2.7' and python_version not in '3.0, 3.1, 3.2, 3.3, 3.4'",
            "version": "==21.4.0"
        },
        "black": {
            "hashes": [
                "sha256:dc132348a88d103016726fe360cb9ede02cecf99b76e3660ce6c596be132ce04",
                "sha256:dfb8c5a069012b2ab1e972e7b908f5fb42b6bbabcba0a788b86dc05067c7d9c7"
            ],
            "markers": "python_full_version >= '3.6.2'",
            "version": "==21.6b0"
        },
        "click": {
            "hashes": [
                "sha256:24e1a4a9ec5bf6299411369b208c1df2188d9eb8d916302fe6bf03faed227f1e",
                "sha256:479707fe14d9ec9a0757618b7a100a0ae4c4e236fac5b7f80ca68028141a1a72"
            ],
            "markers": "python_version >= '3.7'",
            "version": "==8.1.2"
        },
        "flake8": {
            "hashes": [
                "sha256:07528381786f2a6237b061f6e96610a4167b226cb926e2aa2b6b1d78057c576b",
                "sha256:bf8fd333346d844f616e8d47905ef3a3384edae6b4e9beb0c5101e25e3110907"
            ],
            "markers": "python_version >= '2.7' and python_version not in '3.0, 3.1, 3.2, 3.3, 3.4'",
            "version": "==3.9.2"
        },
        "flake8-bugbear": {
            "hashes": [
                "sha256:179e41ddae5de5e3c20d1f61736feeb234e70958fbb56ab3c28a67739c8e9a82",
                "sha256:8b04cb2fafc6a78e1a9d873bd3988e4282f7959bb6b0d7c1ae648ec09b937a7b"
            ],
            "markers": "python_version >= '3.6'",
            "version": "==21.11.29"
        },
        "fourmat": {
            "hashes": [
                "sha256:68893e0259f2cb0acd3c09b81c5904de15cc9672b7df43d4cb33a6c24b8bfd75",
                "sha256:f35ca8ca0fa087352f4c16f854676321273fe446ade5126f8cc2701ef192c294"
            ],
            "index": "pypi",
            "version": "==0.10.1"
        },
        "isort": {
            "hashes": [
                "sha256:6f62d78e2f89b4500b080fe3a81690850cd254227f27f75c3a0c491a1f351ba7",
                "sha256:e8443a5e7a020e9d7f97f1d7d9cd17c88bcb3bc7e218bf9cf5095fe550be2951"
            ],
            "markers": "python_version < '4.0' and python_full_version >= '3.6.1'",
            "version": "==5.10.1"
        },
        "mccabe": {
            "hashes": [
                "sha256:ab8a6258860da4b6677da4bd2fe5dc2c659cff31b3ee4f7f5d64e79735b80d42",
                "sha256:dd8d182285a0fe56bace7f45b5e7d1a6ebcbf524e8f3bd87eb0f125271b8831f"
            ],
            "version": "==0.6.1"
        },
        "mypy-extensions": {
            "hashes": [
                "sha256:090fedd75945a69ae91ce1303b5824f428daf5a028d2f6ab8a299250a846f15d",
                "sha256:2d82818f5bb3e369420cb3c4060a7970edba416647068eb4c5343488a6c604a8"
            ],
            "version": "==0.4.3"
        },
        "pathspec": {
            "hashes": [
                "sha256:7d15c4ddb0b5c802d161efc417ec1a2558ea2653c2e8ad9c19098201dc1c993a",
                "sha256:e564499435a2673d586f6b2130bb5b95f04a3ba06f81b8f895b651a3c76aabb1"
            ],
            "version": "==0.9.0"
        },
        "pycodestyle": {
            "hashes": [
                "sha256:514f76d918fcc0b55c6680472f0a37970994e07bbb80725808c17089be302068",
                "sha256:c389c1d06bf7904078ca03399a4816f974a1d590090fecea0c63ec26ebaf1cef"
            ],
            "markers": "python_version >= '2.7' and python_version not in '3.0, 3.1, 3.2, 3.3'",
            "version": "==2.7.0"
        },
        "pyflakes": {
            "hashes": [
                "sha256:7893783d01b8a89811dd72d7dfd4d84ff098e5eed95cfa8905b22bbffe52efc3",
                "sha256:f5bc8ecabc05bb9d291eb5203d6810b49040f6ff446a756326104746cc00c1db"
            ],
            "markers": "python_version >= '2.7' and python_version not in '3.0, 3.1, 3.2, 3.3'",
            "version": "==2.3.1"
        },
        "regex": {
            "hashes": [
                "sha256:02543d6d5c32d361b7cc468079ba4cddaaf4a6544f655901ba1ff9d8e3f18755",
                "sha256:036d1c1fbe69eba3ee253c107e71749cdbb4776db93d674bc0d5e28f30300734",
                "sha256:071bcb625e890f28b7c4573124a6512ea65107152b1d3ca101ce33a52dad4593",
                "sha256:0f8da3145f4b72f7ce6181c804eaa44cdcea313c8998cdade3d9e20a8717a9cb",
                "sha256:0fb6cb16518ac7eff29d1e0b0cce90275dfae0f17154165491058c31d58bdd1d",
                "sha256:0fd464e547dbabf4652ca5fe9d88d75ec30182981e737c07b3410235a44b9939",
                "sha256:12af15b6edb00e425f713160cfd361126e624ec0de86e74f7cad4b97b7f169b3",
                "sha256:165cc75cfa5aa0f12adb2ac6286330e7229a06dc0e6c004ec35da682b5b89579",
                "sha256:1a07e8366115069f26822c47732122ab61598830a69f5629a37ea8881487c107",
                "sha256:1c2de7f32fa87d04d40f54bce3843af430697aba51c3a114aa62837a0772f219",
                "sha256:253f858a0255cd91a0424a4b15c2eedb12f20274f85731b0d861c8137e843065",
                "sha256:275afc7352982ee947fc88f67a034b52c78395977b5fc7c9be15f7dc95b76f06",
                "sha256:2bde99f2cdfd6db1ec7e02d68cadd384ffe7413831373ea7cc68c5415a0cb577",
                "sha256:3241db067a7f69da57fba8bca543ac8a7ca415d91e77315690202749b9fdaba1",
                "sha256:37903d5ca11fa47577e8952d2e2c6de28553b11c70defee827afb941ab2c6729",
                "sha256:3dfbadb7b74d95f72f9f9dbf9778f7de92722ab520a109ceaf7927461fa85b10",
                "sha256:3e35c50b27f36176c792738cb9b858523053bc495044d2c2b44db24376b266f1",
                "sha256:3e9e983fc8e0d4d5ded7caa5aed39ca2cf6026d7e39801ef6f0af0b1b6cd9276",
                "sha256:3f6bd8178cce5bb56336722d5569d19c50bba5915a69a2050c497fb921e7cb0f",
                "sha256:43ee0df35925ae4b0cc6ee3f60b73369e559dd2ac40945044da9394dd9d3a51d",
                "sha256:45b761406777a681db0c24686178532134c937d24448d9e085279b69e9eb7da4",
                "sha256:46cbc5b23f85e94161b093dba1b49035697cf44c7db3c930adabfc0e6d861b95",
                "sha256:4f2e2cef324ca9355049ee1e712f68e2e92716eba24275e6767b9bfa15f1f478",
                "sha256:50b77622016f03989cd06ecf6b602c7a6b4ed2e3ce04133876b041d109c934ee",
                "sha256:582ea06079a03750b5f71e20a87cd99e646d796638b5894ff85987ebf5e04924",
                "sha256:58521abdab76583bd41ef47e5e2ddd93b32501aee4ee8cee71dee10a45ba46b1",
                "sha256:5b9c7b6895a01204296e9523b3e12b43e013835a9de035a783907c2c1bc447f0",
                "sha256:6165e737acb3bea3271372e8aa5ebe7226c8a8e8da1b94af2d6547c5a09d689d",
                "sha256:66fb765b2173d90389384708e3e1d3e4be1148bd8d4d50476b1469da5a2f0229",
                "sha256:68aed3fb0c61296bd6d234f558f78c51671f79ccb069cbcd428c2eea6fee7a5b",
                "sha256:6a0ef57cccd8089b4249eebad95065390e56c04d4a92c51316eab4131bca96a9",
                "sha256:709396c0c95b95045fac89b94f997410ff39b81a09863fe21002f390d48cc7d3",
                "sha256:73ed1b06abadbf6b61f6033a07c06f36ec0ddca117e41ef2ac37056705e46458",
                "sha256:7a608022f4593fc67518c6c599ae5abdb03bb8acd75993c82cd7a4c8100eff81",
                "sha256:7c4d9770e579eb11b582b2e2fd19fa204a15cb1589ae73cd4dcbb63b64f3e828",
                "sha256:7dbc96419ef0fb6ac56626014e6d3a345aeb8b17a3df8830235a88626ffc8d84",
                "sha256:7f271d0831d8ebc56e17b37f9fa1824b0379221d1238ae77c18a6e8c47f1fdce",
                "sha256:82b7fc67e49fdce671bdbec1127189fc979badf062ce6e79dc95ef5e07a8bf92",
                "sha256:85b7ee4d0c7a46296d884f6b489af8b960c4291d76aea4b22fd4fbe05e6ec08e",
                "sha256:8b747cef8e5dcdaf394192d43a0c02f5825aeb0ecd3d43e63ae500332ab830b0",
                "sha256:8bf867ba71856414a482e4b683500f946c300c4896e472e51d3db8dfa8dc8f32",
                "sha256:8e0da7ef160d4f3eb3d4d3e39a02c3c42f7dbcfce62c81f784cc99fc7059765f",
                "sha256:8e7d33f93cdd01868327d834d0f5bb029241cd293b47d51b96814dec27fc9b4b",
                "sha256:92183e9180c392371079262879c6532ccf55f808e6900df5d9f03c9ca8807255",
                "sha256:92ad03f928675ca05b79d3b1d3dfc149e2226d57ed9d57808f82105d511d0212",
                "sha256:97af238389cb029d63d5f2d931a7e8f5954ad96e812de5faaed373b68e74df86",
                "sha256:9913bcf730eb6e9b441fb176832eea9acbebab6035542c7c89d90c803f5cd3be",
                "sha256:9dae5affbb66178dad6c6fd5b02221ca9917e016c75ee3945e9a9563eb1fbb6f",
                "sha256:a850f5f369f1e3b6239da7fb43d1d029c1e178263df671819889c47caf7e4ff3",
                "sha256:aa6daa189db9104787ff1fd7a7623ce017077aa59eaac609d0d25ba95ed251a0",
                "sha256:aabc28f7599f781ddaeac168d0b566d0db82182cc3dcf62129f0a4fc2927b811",
                "sha256:af1e687ffab18a75409e5e5d6215b6ccd41a5a1a0ea6ce9665e01253f737a0d3",
                "sha256:b1d53835922cd0f9b74b2742453a444865a70abae38d12eb41c59271da66f38d",
                "sha256:b2df3ede85d778c949d9bd2a50237072cee3df0a423c91f5514f78f8035bde87",
                "sha256:b415b82e5be7389ec5ee7ee35431e4a549ea327caacf73b697c6b3538cb5c87f",
                "sha256:b7ba3c304a4a5d8112dbd30df8b3e4ef59b4b07807957d3c410d9713abaee9a8",
                "sha256:bcc6f7a3a95119c3568c572ca167ada75f8319890706283b9ba59b3489c9bcb3",
                "sha256:be392d9cd5309509175a9d7660dc17bf57084501108dbff0c5a8bfc3646048c3",
                "sha256:bea61de0c688198e3d9479344228c7accaa22a78b58ec408e41750ebafee6c08",
                "sha256:bedb3d01ad35ea1745bdb1d57f3ee0f996f988c98f5bbae9d068c3bb3065d210",
                "sha256:c36906a7855ec33a9083608e6cd595e4729dab18aeb9aad0dd0b039240266239",
                "sha256:c4fdf837666f7793a5c3cfa2f2f39f03eb6c7e92e831bc64486c2f547580c2b3",
                "sha256:cfad3a770839aa456ff9a9aa0e253d98b628d005a3ccb37da1ff9be7c84fee16",
                "sha256:d128e278e5e554c5c022c7bed410ca851e00bacebbb4460de546a73bc53f8de4",
                "sha256:dffd9114ade73137ab2b79a8faf864683dbd2dbbb6b23a305fbbd4cbaeeb2187",
                "sha256:e2acf5c66fbb62b5fe4c40978ddebafa50818f00bf79d60569d9762f6356336e",
                "sha256:e65580ae3137bce712f505ec7c2d700aef0014a3878c4767b74aff5895fc454f",
                "sha256:e944268445b5694f5d41292c9228f0ca46d5a32a67f195d5f8547c1f1d91f4bc",
                "sha256:ed26c3d2d62c6588e0dad175b8d8cc0942a638f32d07b80f92043e5d73b7db67",
                "sha256:ed625205f5f26984382b68e4cbcbc08e6603c9e84c14b38457170b0cc71c823b",
                "sha256:f2a5d9f612091812dee18375a45d046526452142e7b78c4e21ab192db15453d5",
                "sha256:f86aef546add4ff1202e1f31e9bb54f9268f17d996b2428877283146bf9bc013",
                "sha256:f89d26e50a4c7453cb8c415acd09e72fbade2610606a9c500a1e48c43210a42d",
                "sha256:fb7107faf0168de087f62a2f2ed00f9e9da12e0b801582b516ddac236b871cda"
            ],
            "markers": "python_version >= '3.6'",
            "version": "==2022.4.24"
        },
        "toml": {
            "hashes": [
                "sha256:806143ae5bfb6a3c6e736a764057db0e6a0e05e338b5630894a5f779cabb4f9b",
                "sha256:b3bda1d108d5dd99f4a20d24d9c348e91c4db7ab1b749200bded2f839ccbe68f"
            ],
            "markers": "python_version >= '2.6' and python_version not in '3.0, 3.1, 3.2, 3.3'",
            "version": "==0.10.2"
        }
    }
}
